// !$*UTF8*$!
{
	archiveVersion = 1;
	classes = {
	};
	objectVersion = 56;
	objects = {

/* Begin PBXBuildFile section */
		9616FA1A2A0E26E0004698ED /* Extensions.swift in Sources */ = {isa = PBXBuildFile; fileRef = 9616FA192A0E26E0004698ED /* Extensions.swift */; };
		9694EDDD2A0CD4CF00567384 /* AppDelegate.swift in Sources */ = {isa = PBXBuildFile; fileRef = 9694EDDC2A0CD4CF00567384 /* AppDelegate.swift */; };
		9694EDDF2A0CD4CF00567384 /* SceneDelegate.swift in Sources */ = {isa = PBXBuildFile; fileRef = 9694EDDE2A0CD4CF00567384 /* SceneDelegate.swift */; };
		9694EDE12A0CD4CF00567384 /* ViewController.swift in Sources */ = {isa = PBXBuildFile; fileRef = 9694EDE02A0CD4CF00567384 /* ViewController.swift */; };
		9694EDE42A0CD4CF00567384 /* Main.storyboard in Resources */ = {isa = PBXBuildFile; fileRef = 9694EDE22A0CD4CF00567384 /* Main.storyboard */; };
		9694EDE62A0CD4D100567384 /* Assets.xcassets in Resources */ = {isa = PBXBuildFile; fileRef = 9694EDE52A0CD4D100567384 /* Assets.xcassets */; };
		9694EDE92A0CD4D100567384 /* LaunchScreen.storyboard in Resources */ = {isa = PBXBuildFile; fileRef = 9694EDE72A0CD4D100567384 /* LaunchScreen.storyboard */; };
		9694EDF12A0CD4FA00567384 /* LayoutProvider.swift in Sources */ = {isa = PBXBuildFile; fileRef = 9694EDF02A0CD4FA00567384 /* LayoutProvider.swift */; };
		9694EDF32A0CE8F900567384 /* CustomViews.swift in Sources */ = {isa = PBXBuildFile; fileRef = 9694EDF22A0CE8F900567384 /* CustomViews.swift */; };
/* End PBXBuildFile section */

/* Begin PBXFileReference section */
		9616FA192A0E26E0004698ED /* Extensions.swift */ = {isa = PBXFileReference; lastKnownFileType = sourcecode.swift; path = Extensions.swift; sourceTree = "<group>"; };
		9694EDD92A0CD4CF00567384 /* CompositionalCollectionView.app */ = {isa = PBXFileReference; explicitFileType = wrapper.application; includeInIndex = 0; path = CompositionalCollectionView.app; sourceTree = BUILT_PRODUCTS_DIR; };
		9694EDDC2A0CD4CF00567384 /* AppDelegate.swift */ = {isa = PBXFileReference; lastKnownFileType = sourcecode.swift; path = AppDelegate.swift; sourceTree = "<group>"; };
		9694EDDE2A0CD4CF00567384 /* SceneDelegate.swift */ = {isa = PBXFileReference; lastKnownFileType = sourcecode.swift; path = SceneDelegate.swift; sourceTree = "<group>"; };
		9694EDE02A0CD4CF00567384 /* ViewController.swift */ = {isa = PBXFileReference; lastKnownFileType = sourcecode.swift; path = ViewController.swift; sourceTree = "<group>"; };
		9694EDE32A0CD4CF00567384 /* Base */ = {isa = PBXFileReference; lastKnownFileType = file.storyboard; name = Base; path = Base.lproj/Main.storyboard; sourceTree = "<group>"; };
		9694EDE52A0CD4D100567384 /* Assets.xcassets */ = {isa = PBXFileReference; lastKnownFileType = folder.assetcatalog; path = Assets.xcassets; sourceTree = "<group>"; };
		9694EDE82A0CD4D100567384 /* Base */ = {isa = PBXFileReference; lastKnownFileType = file.storyboard; name = Base; path = Base.lproj/LaunchScreen.storyboard; sourceTree = "<group>"; };
		9694EDEA2A0CD4D100567384 /* Info.plist */ = {isa = PBXFileReference; lastKnownFileType = text.plist.xml; path = Info.plist; sourceTree = "<group>"; };
		9694EDF02A0CD4FA00567384 /* LayoutProvider.swift */ = {isa = PBXFileReference; lastKnownFileType = sourcecode.swift; path = LayoutProvider.swift; sourceTree = "<group>"; };
		9694EDF22A0CE8F900567384 /* CustomViews.swift */ = {isa = PBXFileReference; lastKnownFileType = sourcecode.swift; path = CustomViews.swift; sourceTree = "<group>"; };
/* End PBXFileReference section */

/* Begin PBXFrameworksBuildPhase section */
		9694EDD62A0CD4CF00567384 /* Frameworks */ = {
			isa = PBXFrameworksBuildPhase;
			buildActionMask = 2147483647;
			files = (
			);
			runOnlyForDeploymentPostprocessing = 0;
		};
/* End PBXFrameworksBuildPhase section */

/* Begin PBXGroup section */
		9694EDD02A0CD4CF00567384 = {
			isa = PBXGroup;
			children = (
				9694EDDB2A0CD4CF00567384 /* CompositionalCollectionView */,
				9694EDDA2A0CD4CF00567384 /* Products */,
			);
			sourceTree = "<group>";
		};
		9694EDDA2A0CD4CF00567384 /* Products */ = {
			isa = PBXGroup;
			children = (
				9694EDD92A0CD4CF00567384 /* CompositionalCollectionView.app */,
			);
			name = Products;
			sourceTree = "<group>";
		};
		9694EDDB2A0CD4CF00567384 /* CompositionalCollectionView */ = {
			isa = PBXGroup;
			children = (
				9694EDDC2A0CD4CF00567384 /* AppDelegate.swift */,
				9694EDDE2A0CD4CF00567384 /* SceneDelegate.swift */,
				9616FA192A0E26E0004698ED /* Extensions.swift */,
				9694EDE02A0CD4CF00567384 /* ViewController.swift */,
				9694EDF02A0CD4FA00567384 /* LayoutProvider.swift */,
				9694EDF22A0CE8F900567384 /* CustomViews.swift */,
				9694EDE22A0CD4CF00567384 /* Main.storyboard */,
				9694EDE52A0CD4D100567384 /* Assets.xcassets */,
				9694EDE72A0CD4D100567384 /* LaunchScreen.storyboard */,
				9694EDEA2A0CD4D100567384 /* Info.plist */,
			);
			path = CompositionalCollectionView;
			sourceTree = "<group>";
		};
/* End PBXGroup section */

/* Begin PBXNativeTarget section */
		9694EDD82A0CD4CF00567384 /* CompositionalCollectionView */ = {
			isa = PBXNativeTarget;
			buildConfigurationList = 9694EDED2A0CD4D100567384 /* Build configuration list for PBXNativeTarget "CompositionalCollectionView" */;
			buildPhases = (
				9694EDD52A0CD4CF00567384 /* Sources */,
				9694EDD62A0CD4CF00567384 /* Frameworks */,
				9694EDD72A0CD4CF00567384 /* Resources */,
			);
			buildRules = (
			);
			dependencies = (
			);
			name = CompositionalCollectionView;
			productName = CompositionalCollectionView;
			productReference = 9694EDD92A0CD4CF00567384 /* CompositionalCollectionView.app */;
			productType = "com.apple.product-type.application";
		};
/* End PBXNativeTarget section */

/* Begin PBXProject section */
		9694EDD12A0CD4CF00567384 /* Project object */ = {
			isa = PBXProject;
			attributes = {
				BuildIndependentTargetsInParallel = 1;
				LastSwiftUpdateCheck = 1420;
				LastUpgradeCheck = 1420;
				TargetAttributes = {
					9694EDD82A0CD4CF00567384 = {
						CreatedOnToolsVersion = 14.2;
					};
				};
			};
			buildConfigurationList = 9694EDD42A0CD4CF00567384 /* Build configuration list for PBXProject "CompositionalCollectionView" */;
			compatibilityVersion = "Xcode 14.0";
			developmentRegion = en;
			hasScannedForEncodings = 0;
			knownRegions = (
				en,
				Base,
			);
			mainGroup = 9694EDD02A0CD4CF00567384;
			productRefGroup = 9694EDDA2A0CD4CF00567384 /* Products */;
			projectDirPath = "";
			projectRoot = "";
			targets = (
				9694EDD82A0CD4CF00567384 /* CompositionalCollectionView */,
			);
		};
/* End PBXProject section */

/* Begin PBXResourcesBuildPhase section */
		9694EDD72A0CD4CF00567384 /* Resources */ = {
			isa = PBXResourcesBuildPhase;
			buildActionMask = 2147483647;
			files = (
				9694EDE92A0CD4D100567384 /* LaunchScreen.storyboard in Resources */,
				9694EDE62A0CD4D100567384 /* Assets.xcassets in Resources */,
				9694EDE42A0CD4CF00567384 /* Main.storyboard in Resources */,
			);
			runOnlyForDeploymentPostprocessing = 0;
		};
/* End PBXResourcesBuildPhase section */

/* Begin PBXSourcesBuildPhase section */
		9694EDD52A0CD4CF00567384 /* Sources */ = {
			isa = PBXSourcesBuildPhase;
			buildActionMask = 2147483647;
			files = (
				9694EDF12A0CD4FA00567384 /* LayoutProvider.swift in Sources */,
				9616FA1A2A0E26E0004698ED /* Extensions.swift in Sources */,
				9694EDE12A0CD4CF00567384 /* ViewController.swift in Sources */,
				9694EDF32A0CE8F900567384 /* CustomViews.swift in Sources */,
				9694EDDD2A0CD4CF00567384 /* AppDelegate.swift in Sources */,
				9694EDDF2A0CD4CF00567384 /* SceneDelegate.swift in Sources */,
			);
			runOnlyForDeploymentPostprocessing = 0;
		};
/* End PBXSourcesBuildPhase section */

/* Begin PBXVariantGroup section */
		9694EDE22A0CD4CF00567384 /* Main.storyboard */ = {
			isa = PBXVariantGroup;
			children = (
				9694EDE32A0CD4CF00567384 /* Base */,
			);
			name = Main.storyboard;
			sourceTree = "<group>";
		};
		9694EDE72A0CD4D100567384 /* LaunchScreen.storyboard */ = {
			isa = PBXVariantGroup;
			children = (
				9694EDE82A0CD4D100567384 /* Base */,
			);
			name = LaunchScreen.storyboard;
			sourceTree = "<group>";
		};
/* End PBXVariantGroup section */

/* Begin XCBuildConfiguration section */
		9694EDEB2A0CD4D100567384 /* Debug */ = {
			isa = XCBuildConfiguration;
			buildSettings = {
				ALWAYS_SEARCH_USER_PATHS = NO;
				CLANG_ANALYZER_NONNULL = YES;
				CLANG_ANALYZER_NUMBER_OBJECT_CONVERSION = YES_AGGRESSIVE;
				CLANG_CXX_LANGUAGE_STANDARD = "gnu++20";
				CLANG_ENABLE_MODULES = YES;
				CLANG_ENABLE_OBJC_ARC = YES;
				CLANG_ENABLE_OBJC_WEAK = YES;
				CLANG_WARN_BLOCK_CAPTURE_AUTORELEASING = YES;
				CLANG_WARN_BOOL_CONVERSION = YES;
				CLANG_WARN_COMMA = YES;
				CLANG_WARN_CONSTANT_CONVERSION = YES;
				CLANG_WARN_DEPRECATED_OBJC_IMPLEMENTATIONS = YES;
				CLANG_WARN_DIRECT_OBJC_ISA_USAGE = YES_ERROR;
				CLANG_WARN_DOCUMENTATION_COMMENTS = YES;
				CLANG_WARN_EMPTY_BODY = YES;
				CLANG_WARN_ENUM_CONVERSION = YES;
				CLANG_WARN_INFINITE_RECURSION = YES;
				CLANG_WARN_INT_CONVERSION = YES;
				CLANG_WARN_NON_LITERAL_NULL_CONVERSION = YES;
				CLANG_WARN_OBJC_IMPLICIT_RETAIN_SELF = YES;
				CLANG_WARN_OBJC_LITERAL_CONVERSION = YES;
				CLANG_WARN_OBJC_ROOT_CLASS = YES_ERROR;
				CLANG_WARN_QUOTED_INCLUDE_IN_FRAMEWORK_HEADER = YES;
				CLANG_WARN_RANGE_LOOP_ANALYSIS = YES;
				CLANG_WARN_STRICT_PROTOTYPES = YES;
				CLANG_WARN_SUSPICIOUS_MOVE = YES;
				CLANG_WARN_UNGUARDED_AVAILABILITY = YES_AGGRESSIVE;
				CLANG_WARN_UNREACHABLE_CODE = YES;
				CLANG_WARN__DUPLICATE_METHOD_MATCH = YES;
				COPY_PHASE_STRIP = NO;
				DEBUG_INFORMATION_FORMAT = dwarf;
				ENABLE_STRICT_OBJC_MSGSEND = YES;
				ENABLE_TESTABILITY = YES;
				GCC_C_LANGUAGE_STANDARD = gnu11;
				GCC_DYNAMIC_NO_PIC = NO;
				GCC_NO_COMMON_BLOCKS = YES;
				GCC_OPTIMIZATION_LEVEL = 0;
				GCC_PREPROCESSOR_DEFINITIONS = (
					"DEBUG=1",
					"$(inherited)",
				);
				GCC_WARN_64_TO_32_BIT_CONVERSION = YES;
				GCC_WARN_ABOUT_RETURN_TYPE = YES_ERROR;
				GCC_WARN_UNDECLARED_SELECTOR = YES;
				GCC_WARN_UNINITIALIZED_AUTOS = YES_AGGRESSIVE;
				GCC_WARN_UNUSED_FUNCTION = YES;
				GCC_WARN_UNUSED_VARIABLE = YES;
				IPHONEOS_DEPLOYMENT_TARGET = 16.2;
				MTL_ENABLE_DEBUG_INFO = INCLUDE_SOURCE;
				MTL_FAST_MATH = YES;
				ONLY_ACTIVE_ARCH = YES;
				SDKROOT = iphoneos;
				SWIFT_ACTIVE_COMPILATION_CONDITIONS = DEBUG;
				SWIFT_OPTIMIZATION_LEVEL = "-Onone";
			};
			name = Debug;
		};
		9694EDEC2A0CD4D100567384 /* Release */ = {
			isa = XCBuildConfiguration;
			buildSettings = {
				ALWAYS_SEARCH_USER_PATHS = NO;
				CLANG_ANALYZER_NONNULL = YES;
				CLANG_ANALYZER_NUMBER_OBJECT_CONVERSION = YES_AGGRESSIVE;
				CLANG_CXX_LANGUAGE_STANDARD = "gnu++20";
				CLANG_ENABLE_MODULES = YES;
				CLANG_ENABLE_OBJC_ARC = YES;
				CLANG_ENABLE_OBJC_WEAK = YES;
				CLANG_WARN_BLOCK_CAPTURE_AUTORELEASING = YES;
				CLANG_WARN_BOOL_CONVERSION = YES;
				CLANG_WARN_COMMA = YES;
				CLANG_WARN_CONSTANT_CONVERSION = YES;
				CLANG_WARN_DEPRECATED_OBJC_IMPLEMENTATIONS = YES;
				CLANG_WARN_DIRECT_OBJC_ISA_USAGE = YES_ERROR;
				CLANG_WARN_DOCUMENTATION_COMMENTS = YES;
				CLANG_WARN_EMPTY_BODY = YES;
				CLANG_WARN_ENUM_CONVERSION = YES;
				CLANG_WARN_INFINITE_RECURSION = YES;
				CLANG_WARN_INT_CONVERSION = YES;
				CLANG_WARN_NON_LITERAL_NULL_CONVERSION = YES;
				CLANG_WARN_OBJC_IMPLICIT_RETAIN_SELF = YES;
				CLANG_WARN_OBJC_LITERAL_CONVERSION = YES;
				CLANG_WARN_OBJC_ROOT_CLASS = YES_ERROR;
				CLANG_WARN_QUOTED_INCLUDE_IN_FRAMEWORK_HEADER = YES;
				CLANG_WARN_RANGE_LOOP_ANALYSIS = YES;
				CLANG_WARN_STRICT_PROTOTYPES = YES;
				CLANG_WARN_SUSPICIOUS_MOVE = YES;
				CLANG_WARN_UNGUARDED_AVAILABILITY = YES_AGGRESSIVE;
				CLANG_WARN_UNREACHABLE_CODE = YES;
				CLANG_WARN__DUPLICATE_METHOD_MATCH = YES;
				COPY_PHASE_STRIP = NO;
				DEBUG_INFORMATION_FORMAT = "dwarf-with-dsym";
				ENABLE_NS_ASSERTIONS = NO;
				ENABLE_STRICT_OBJC_MSGSEND = YES;
				GCC_C_LANGUAGE_STANDARD = gnu11;
				GCC_NO_COMMON_BLOCKS = YES;
				GCC_WARN_64_TO_32_BIT_CONVERSION = YES;
				GCC_WARN_ABOUT_RETURN_TYPE = YES_ERROR;
				GCC_WARN_UNDECLARED_SELECTOR = YES;
				GCC_WARN_UNINITIALIZED_AUTOS = YES_AGGRESSIVE;
				GCC_WARN_UNUSED_FUNCTION = YES;
				GCC_WARN_UNUSED_VARIABLE = YES;
				IPHONEOS_DEPLOYMENT_TARGET = 16.2;
				MTL_ENABLE_DEBUG_INFO = NO;
				MTL_FAST_MATH = YES;
				SDKROOT = iphoneos;
				SWIFT_COMPILATION_MODE = wholemodule;
				SWIFT_OPTIMIZATION_LEVEL = "-O";
				VALIDATE_PRODUCT = YES;
			};
			name = Release;
		};
		9694EDEE2A0CD4D100567384 /* Debug */ = {
			isa = XCBuildConfiguration;
			buildSettings = {
				ASSETCATALOG_COMPILER_APPICON_NAME = AppIcon;
				ASSETCATALOG_COMPILER_GLOBAL_ACCENT_COLOR_NAME = AccentColor;
				CODE_SIGN_STYLE = Automatic;
				CURRENT_PROJECT_VERSION = 1;
				DEVELOPMENT_TEAM = UU35Z6M9TZ;
				GENERATE_INFOPLIST_FILE = YES;
				INFOPLIST_FILE = CompositionalCollectionView/Info.plist;
				INFOPLIST_KEY_UIApplicationSupportsIndirectInputEvents = YES;
				INFOPLIST_KEY_UILaunchStoryboardName = LaunchScreen;
				INFOPLIST_KEY_UIMainStoryboardFile = Main;
				INFOPLIST_KEY_UISupportedInterfaceOrientations_iPad = "UIInterfaceOrientationPortrait UIInterfaceOrientationPortraitUpsideDown UIInterfaceOrientationLandscapeLeft UIInterfaceOrientationLandscapeRight";
				INFOPLIST_KEY_UISupportedInterfaceOrientations_iPhone = "UIInterfaceOrientationPortrait UIInterfaceOrientationLandscapeLeft UIInterfaceOrientationLandscapeRight";
				LD_RUNPATH_SEARCH_PATHS = (
					"$(inherited)",
					"@executable_path/Frameworks",
				);
				MARKETING_VERSION = 1.0;
				PRODUCT_BUNDLE_IDENTIFIER = com.mirkobraic.CompositionalCollectionView;
				PRODUCT_NAME = "$(TARGET_NAME)";
				SWIFT_EMIT_LOC_STRINGS = YES;
				SWIFT_VERSION = 5.0;
				TARGETED_DEVICE_FAMILY = "1,2";
			};
			name = Debug;
		};
		9694EDEF2A0CD4D100567384 /* Release */ = {
			isa = XCBuildConfiguration;
			buildSettings = {
				ASSETCATALOG_COMPILER_APPICON_NAME = AppIcon;
				ASSETCATALOG_COMPILER_GLOBAL_ACCENT_COLOR_NAME = AccentColor;
				CODE_SIGN_STYLE = Automatic;
				CURRENT_PROJECT_VERSION = 1;
				DEVELOPMENT_TEAM = UU35Z6M9TZ;
				GENERATE_INFOPLIST_FILE = YES;
				INFOPLIST_FILE = CompositionalCollectionView/Info.plist;
				INFOPLIST_KEY_UIApplicationSupportsIndirectInputEvents = YES;
				INFOPLIST_KEY_UILaunchStoryboardName = LaunchScreen;
				INFOPLIST_KEY_UIMainStoryboardFile = Main;
				INFOPLIST_KEY_UISupportedInterfaceOrientations_iPad = "UIInterfaceOrientationPortrait UIInterfaceOrientationPortraitUpsideDown UIInterfaceOrientationLandscapeLeft UIInterfaceOrientationLandscapeRight";
				INFOPLIST_KEY_UISupportedInterfaceOrientations_iPhone = "UIInterfaceOrientationPortrait UIInterfaceOrientationLandscapeLeft UIInterfaceOrientationLandscapeRight";
				LD_RUNPATH_SEARCH_PATHS = (
					"$(inherited)",
					"@executable_path/Frameworks",
				);
				MARKETING_VERSION = 1.0;
				PRODUCT_BUNDLE_IDENTIFIER = com.mirkobraic.CompositionalCollectionView;
				PRODUCT_NAME = "$(TARGET_NAME)";
				SWIFT_EMIT_LOC_STRINGS = YES;
				SWIFT_VERSION = 5.0;
				TARGETED_DEVICE_FAMILY = "1,2";
			};
			name = Release;
		};
/* End XCBuildConfiguration section */

/* Begin XCConfigurationList section */
		9694EDD42A0CD4CF00567384 /* Build configuration list for PBXProject "CompositionalCollectionView" */ = {
			isa = XCConfigurationList;
			buildConfigurations = (
				9694EDEB2A0CD4D100567384 /* Debug */,
				9694EDEC2A0CD4D100567384 /* Release */,
			);
			defaultConfigurationIsVisible = 0;
			defaultConfigurationName = Release;
		};
		9694EDED2A0CD4D100567384 /* Build configuration list for PBXNativeTarget "CompositionalCollectionView" */ = {
			isa = XCConfigurationList;
			buildConfigurations = (
				9694EDEE2A0CD4D100567384 /* Debug */,
				9694EDEF2A0CD4D100567384 /* Release */,
			);
			defaultConfigurationIsVisible = 0;
			defaultConfigurationName = Release;
		};
/* End XCConfigurationList section */
	};
	rootObject = 9694EDD12A0CD4CF00567384 /* Project object */;
}
