// !$*UTF8*$!
{
	archiveVersion = 1;
	classes = {
	};
	objectVersion = 50;
	objects = {

/* Begin PBXBuildFile section */
		A25471C5244C8E90008C6B45 /* AppDelegate.swift in Sources */ = {isa = PBXBuildFile; fileRef = A25471C4244C8E90008C6B45 /* AppDelegate.swift */; };
		A25471C7244C8E90008C6B45 /* SceneDelegate.swift in Sources */ = {isa = PBXBuildFile; fileRef = A25471C6244C8E90008C6B45 /* SceneDelegate.swift */; };
		A25471C9244C8E90008C6B45 /* ViewController.swift in Sources */ = {isa = PBXBuildFile; fileRef = A25471C8244C8E90008C6B45 /* ViewController.swift */; };
		A25471CC244C8E90008C6B45 /* Main.storyboard in Resources */ = {isa = PBXBuildFile; fileRef = A25471CA244C8E90008C6B45 /* Main.storyboard */; };
		A25471CE244C8E91008C6B45 /* Assets.xcassets in Resources */ = {isa = PBXBuildFile; fileRef = A25471CD244C8E91008C6B45 /* Assets.xcassets */; };
		A25471D1244C8E91008C6B45 /* LaunchScreen.storyboard in Resources */ = {isa = PBXBuildFile; fileRef = A25471CF244C8E91008C6B45 /* LaunchScreen.storyboard */; };
		A25471D9244C8FB7008C6B45 /* start.txt in Resources */ = {isa = PBXBuildFile; fileRef = A25471D8244C8FB7008C6B45 /* start.txt */; };
/* End PBXBuildFile section */

/* Begin PBXFileReference section */
		A25471C1244C8E90008C6B45 /* 105WordScramble.app */ = {isa = PBXFileReference; explicitFileType = wrapper.application; includeInIndex = 0; path = 105WordScramble.app; sourceTree = BUILT_PRODUCTS_DIR; };
		A25471C4244C8E90008C6B45 /* AppDelegate.swift */ = {isa = PBXFileReference; lastKnownFileType = sourcecode.swift; path = AppDelegate.swift; sourceTree = "<group>"; };
		A25471C6244C8E90008C6B45 /* SceneDelegate.swift */ = {isa = PBXFileReference; lastKnownFileType = sourcecode.swift; path = SceneDelegate.swift; sourceTree = "<group>"; };
		A25471C8244C8E90008C6B45 /* ViewController.swift */ = {isa = PBXFileReference; lastKnownFileType = sourcecode.swift; path = ViewController.swift; sourceTree = "<group>"; };
		A25471CB244C8E90008C6B45 /* Base */ = {isa = PBXFileReference; lastKnownFileType = file.storyboard; name = Base; path = Base.lproj/Main.storyboard; sourceTree = "<group>"; };
		A25471CD244C8E91008C6B45 /* Assets.xcassets */ = {isa = PBXFileReference; lastKnownFileType = folder.assetcatalog; path = Assets.xcassets; sourceTree = "<group>"; };
		A25471D0244C8E91008C6B45 /* Base */ = {isa = PBXFileReference; lastKnownFileType = file.storyboard; name = Base; path = Base.lproj/LaunchScreen.storyboard; sourceTree = "<group>"; };
		A25471D2244C8E91008C6B45 /* Info.plist */ = {isa = PBXFileReference; lastKnownFileType = text.plist.xml; path = Info.plist; sourceTree = "<group>"; };
		A25471D8244C8FB7008C6B45 /* start.txt */ = {isa = PBXFileReference; fileEncoding = 4; lastKnownFileType = text; path = start.txt; sourceTree = "<group>"; };
/* End PBXFileReference section */

/* Begin PBXFrameworksBuildPhase section */
		A25471BE244C8E90008C6B45 /* Frameworks */ = {
			isa = PBXFrameworksBuildPhase;
			buildActionMask = 2147483647;
			files = (
			);
			runOnlyForDeploymentPostprocessing = 0;
		};
/* End PBXFrameworksBuildPhase section */

/* Begin PBXGroup section */
		A25471B8244C8E90008C6B45 = {
			isa = PBXGroup;
			children = (
				A25471C3244C8E90008C6B45 /* 105WordScramble */,
				A25471C2244C8E90008C6B45 /* Products */,
			);
			sourceTree = "<group>";
		};
		A25471C2244C8E90008C6B45 /* Products */ = {
			isa = PBXGroup;
			children = (
				A25471C1244C8E90008C6B45 /* 105WordScramble.app */,
			);
			name = Products;
			sourceTree = "<group>";
		};
		A25471C3244C8E90008C6B45 /* 105WordScramble */ = {
			isa = PBXGroup;
			children = (
				A25471C4244C8E90008C6B45 /* AppDelegate.swift */,
				A25471C6244C8E90008C6B45 /* SceneDelegate.swift */,
				A25471C8244C8E90008C6B45 /* ViewController.swift */,
				A25471CA244C8E90008C6B45 /* Main.storyboard */,
				A25471CD244C8E91008C6B45 /* Assets.xcassets */,
				A25471CF244C8E91008C6B45 /* LaunchScreen.storyboard */,
				A25471D2244C8E91008C6B45 /* Info.plist */,
				A25471D8244C8FB7008C6B45 /* start.txt */,
			);
			path = 105WordScramble;
			sourceTree = "<group>";
		};
/* End PBXGroup section */

/* Begin PBXNativeTarget section */
		A25471C0244C8E90008C6B45 /* 105WordScramble */ = {
			isa = PBXNativeTarget;
			buildConfigurationList = A25471D5244C8E91008C6B45 /* Build configuration list for PBXNativeTarget "105WordScramble" */;
			buildPhases = (
				A25471BD244C8E90008C6B45 /* Sources */,
				A25471BE244C8E90008C6B45 /* Frameworks */,
				A25471BF244C8E90008C6B45 /* Resources */,
			);
			buildRules = (
			);
			dependencies = (
			);
			name = 105WordScramble;
			productName = 105WordScramble;
			productReference = A25471C1244C8E90008C6B45 /* 105WordScramble.app */;
			productType = "com.apple.product-type.application";
		};
/* End PBXNativeTarget section */

/* Begin PBXProject section */
		A25471B9244C8E90008C6B45 /* Project object */ = {
			isa = PBXProject;
			attributes = {
				LastSwiftUpdateCheck = 1140;
				LastUpgradeCheck = 1140;
				ORGANIZATIONNAME = "Mirko Braic";
				TargetAttributes = {
					A25471C0244C8E90008C6B45 = {
						CreatedOnToolsVersion = 11.4.1;
					};
				};
			};
			buildConfigurationList = A25471BC244C8E90008C6B45 /* Build configuration list for PBXProject "105WordScramble" */;
			compatibilityVersion = "Xcode 9.3";
			developmentRegion = en;
			hasScannedForEncodings = 0;
			knownRegions = (
				en,
				Base,
			);
			mainGroup = A25471B8244C8E90008C6B45;
			productRefGroup = A25471C2244C8E90008C6B45 /* Products */;
			projectDirPath = "";
			projectRoot = "";
			targets = (
				A25471C0244C8E90008C6B45 /* 105WordScramble */,
			);
		};
/* End PBXProject section */

/* Begin PBXResourcesBuildPhase section */
		A25471BF244C8E90008C6B45 /* Resources */ = {
			isa = PBXResourcesBuildPhase;
			buildActionMask = 2147483647;
			files = (
				A25471D1244C8E91008C6B45 /* LaunchScreen.storyboard in Resources */,
				A25471D9244C8FB7008C6B45 /* start.txt in Resources */,
				A25471CE244C8E91008C6B45 /* Assets.xcassets in Resources */,
				A25471CC244C8E90008C6B45 /* Main.storyboard in Resources */,
			);
			runOnlyForDeploymentPostprocessing = 0;
		};
/* End PBXResourcesBuildPhase section */

/* Begin PBXSourcesBuildPhase section */
		A25471BD244C8E90008C6B45 /* Sources */ = {
			isa = PBXSourcesBuildPhase;
			buildActionMask = 2147483647;
			files = (
				A25471C9244C8E90008C6B45 /* ViewController.swift in Sources */,
				A25471C5244C8E90008C6B45 /* AppDelegate.swift in Sources */,
				A25471C7244C8E90008C6B45 /* SceneDelegate.swift in Sources */,
			);
			runOnlyForDeploymentPostprocessing = 0;
		};
/* End PBXSourcesBuildPhase section */

/* Begin PBXVariantGroup section */
		A25471CA244C8E90008C6B45 /* Main.storyboard */ = {
			isa = PBXVariantGroup;
			children = (
				A25471CB244C8E90008C6B45 /* Base */,
			);
			name = Main.storyboard;
			sourceTree = "<group>";
		};
		A25471CF244C8E91008C6B45 /* LaunchScreen.storyboard */ = {
			isa = PBXVariantGroup;
			children = (
				A25471D0244C8E91008C6B45 /* Base */,
			);
			name = LaunchScreen.storyboard;
			sourceTree = "<group>";
		};
/* End PBXVariantGroup section */

/* Begin XCBuildConfiguration section */
		A25471D3244C8E91008C6B45 /* Debug */ = {
			isa = XCBuildConfiguration;
			buildSettings = {
				ALWAYS_SEARCH_USER_PATHS = NO;
				CLANG_ANALYZER_NONNULL = YES;
				CLANG_ANALYZER_NUMBER_OBJECT_CONVERSION = YES_AGGRESSIVE;
				CLANG_CXX_LANGUAGE_STANDARD = "gnu++14";
				CLANG_CXX_LIBRARY = "libc++";
				CLANG_ENABLE_MODULES = YES;
				CLANG_ENABLE_OBJC_ARC = YES;
				CLANG_ENABLE_OBJC_WEAK = YES;
				CLANG_WARN_BLOCK_CAPTURE_AUTORELEASING = YES;
				CLANG_WARN_BOOL_CONVERSION = YES;
				CLANG_WARN_COMMA = YES;
				CLANG_WARN_CONSTANT_CONVERSION = YES;
				CLANG_WARN_DEPRECATED_OBJC_IMPLEMENTATIONS = YES;
				CLANG_WARN_DIRECT_OBJC_ISA_USAGE = YES_ERROR;
				CLANG_WARN_DOCUMENTATION_COMMENTS = YES;
				CLANG_WARN_EMPTY_BODY = YES;
				CLANG_WARN_ENUM_CONVERSION = YES;
				CLANG_WARN_INFINITE_RECURSION = YES;
				CLANG_WARN_INT_CONVERSION = YES;
				CLANG_WARN_NON_LITERAL_NULL_CONVERSION = YES;
				CLANG_WARN_OBJC_IMPLICIT_RETAIN_SELF = YES;
				CLANG_WARN_OBJC_LITERAL_CONVERSION = YES;
				CLANG_WARN_OBJC_ROOT_CLASS = YES_ERROR;
				CLANG_WARN_RANGE_LOOP_ANALYSIS = YES;
				CLANG_WARN_STRICT_PROTOTYPES = YES;
				CLANG_WARN_SUSPICIOUS_MOVE = YES;
				CLANG_WARN_UNGUARDED_AVAILABILITY = YES_AGGRESSIVE;
				CLANG_WARN_UNREACHABLE_CODE = YES;
				CLANG_WARN__DUPLICATE_METHOD_MATCH = YES;
				COPY_PHASE_STRIP = NO;
				DEBUG_INFORMATION_FORMAT = dwarf;
				ENABLE_STRICT_OBJC_MSGSEND = YES;
				ENABLE_TESTABILITY = YES;
				GCC_C_LANGUAGE_STANDARD = gnu11;
				GCC_DYNAMIC_NO_PIC = NO;
				GCC_NO_COMMON_BLOCKS = YES;
				GCC_OPTIMIZATION_LEVEL = 0;
				GCC_PREPROCESSOR_DEFINITIONS = (
					"DEBUG=1",
					"$(inherited)",
				);
				GCC_WARN_64_TO_32_BIT_CONVERSION = YES;
				GCC_WARN_ABOUT_RETURN_TYPE = YES_ERROR;
				GCC_WARN_UNDECLARED_SELECTOR = YES;
				GCC_WARN_UNINITIALIZED_AUTOS = YES_AGGRESSIVE;
				GCC_WARN_UNUSED_FUNCTION = YES;
				GCC_WARN_UNUSED_VARIABLE = YES;
				IPHONEOS_DEPLOYMENT_TARGET = 13.4;
				MTL_ENABLE_DEBUG_INFO = INCLUDE_SOURCE;
				MTL_FAST_MATH = YES;
				ONLY_ACTIVE_ARCH = YES;
				SDKROOT = iphoneos;
				SWIFT_ACTIVE_COMPILATION_CONDITIONS = DEBUG;
				SWIFT_OPTIMIZATION_LEVEL = "-Onone";
			};
			name = Debug;
		};
		A25471D4244C8E91008C6B45 /* Release */ = {
			isa = XCBuildConfiguration;
			buildSettings = {
				ALWAYS_SEARCH_USER_PATHS = NO;
				CLANG_ANALYZER_NONNULL = YES;
				CLANG_ANALYZER_NUMBER_OBJECT_CONVERSION = YES_AGGRESSIVE;
				CLANG_CXX_LANGUAGE_STANDARD = "gnu++14";
				CLANG_CXX_LIBRARY = "libc++";
				CLANG_ENABLE_MODULES = YES;
				CLANG_ENABLE_OBJC_ARC = YES;
				CLANG_ENABLE_OBJC_WEAK = YES;
				CLANG_WARN_BLOCK_CAPTURE_AUTORELEASING = YES;
				CLANG_WARN_BOOL_CONVERSION = YES;
				CLANG_WARN_COMMA = YES;
				CLANG_WARN_CONSTANT_CONVERSION = YES;
				CLANG_WARN_DEPRECATED_OBJC_IMPLEMENTATIONS = YES;
				CLANG_WARN_DIRECT_OBJC_ISA_USAGE = YES_ERROR;
				CLANG_WARN_DOCUMENTATION_COMMENTS = YES;
				CLANG_WARN_EMPTY_BODY = YES;
				CLANG_WARN_ENUM_CONVERSION = YES;
				CLANG_WARN_INFINITE_RECURSION = YES;
				CLANG_WARN_INT_CONVERSION = YES;
				CLANG_WARN_NON_LITERAL_NULL_CONVERSION = YES;
				CLANG_WARN_OBJC_IMPLICIT_RETAIN_SELF = YES;
				CLANG_WARN_OBJC_LITERAL_CONVERSION = YES;
				CLANG_WARN_OBJC_ROOT_CLASS = YES_ERROR;
				CLANG_WARN_RANGE_LOOP_ANALYSIS = YES;
				CLANG_WARN_STRICT_PROTOTYPES = YES;
				CLANG_WARN_SUSPICIOUS_MOVE = YES;
				CLANG_WARN_UNGUARDED_AVAILABILITY = YES_AGGRESSIVE;
				CLANG_WARN_UNREACHABLE_CODE = YES;
				CLANG_WARN__DUPLICATE_METHOD_MATCH = YES;
				COPY_PHASE_STRIP = NO;
				DEBUG_INFORMATION_FORMAT = "dwarf-with-dsym";
				ENABLE_NS_ASSERTIONS = NO;
				ENABLE_STRICT_OBJC_MSGSEND = YES;
				GCC_C_LANGUAGE_STANDARD = gnu11;
				GCC_NO_COMMON_BLOCKS = YES;
				GCC_WARN_64_TO_32_BIT_CONVERSION = YES;
				GCC_WARN_ABOUT_RETURN_TYPE = YES_ERROR;
				GCC_WARN_UNDECLARED_SELECTOR = YES;
				GCC_WARN_UNINITIALIZED_AUTOS = YES_AGGRESSIVE;
				GCC_WARN_UNUSED_FUNCTION = YES;
				GCC_WARN_UNUSED_VARIABLE = YES;
				IPHONEOS_DEPLOYMENT_TARGET = 13.4;
				MTL_ENABLE_DEBUG_INFO = NO;
				MTL_FAST_MATH = YES;
				SDKROOT = iphoneos;
				SWIFT_COMPILATION_MODE = wholemodule;
				SWIFT_OPTIMIZATION_LEVEL = "-O";
				VALIDATE_PRODUCT = YES;
			};
			name = Release;
		};
		A25471D6244C8E91008C6B45 /* Debug */ = {
			isa = XCBuildConfiguration;
			buildSettings = {
				ASSETCATALOG_COMPILER_APPICON_NAME = AppIcon;
				CODE_SIGN_STYLE = Automatic;
				DEVELOPMENT_TEAM = 5737H7U64V;
				INFOPLIST_FILE = 105WordScramble/Info.plist;
				LD_RUNPATH_SEARCH_PATHS = (
					"$(inherited)",
					"@executable_path/Frameworks",
				);
				PRODUCT_BUNDLE_IDENTIFIER = "com.mirkobraic.-05WordScramble";
				PRODUCT_NAME = "$(TARGET_NAME)";
				SWIFT_VERSION = 5.0;
				TARGETED_DEVICE_FAMILY = "1,2";
			};
			name = Debug;
		};
		A25471D7244C8E91008C6B45 /* Release */ = {
			isa = XCBuildConfiguration;
			buildSettings = {
				ASSETCATALOG_COMPILER_APPICON_NAME = AppIcon;
				CODE_SIGN_STYLE = Automatic;
				DEVELOPMENT_TEAM = 5737H7U64V;
				INFOPLIST_FILE = 105WordScramble/Info.plist;
				LD_RUNPATH_SEARCH_PATHS = (
					"$(inherited)",
					"@executable_path/Frameworks",
				);
				PRODUCT_BUNDLE_IDENTIFIER = "com.mirkobraic.-05WordScramble";
				PRODUCT_NAME = "$(TARGET_NAME)";
				SWIFT_VERSION = 5.0;
				TARGETED_DEVICE_FAMILY = "1,2";
			};
			name = Release;
		};
/* End XCBuildConfiguration section */

/* Begin XCConfigurationList section */
		A25471BC244C8E90008C6B45 /* Build configuration list for PBXProject "105WordScramble" */ = {
			isa = XCConfigurationList;
			buildConfigurations = (
				A25471D3244C8E91008C6B45 /* Debug */,
				A25471D4244C8E91008C6B45 /* Release */,
			);
			defaultConfigurationIsVisible = 0;
			defaultConfigurationName = Release;
		};
		A25471D5244C8E91008C6B45 /* Build configuration list for PBXNativeTarget "105WordScramble" */ = {
			isa = XCConfigurationList;
			buildConfigurations = (
				A25471D6244C8E91008C6B45 /* Debug */,
				A25471D7244C8E91008C6B45 /* Release */,
			);
			defaultConfigurationIsVisible = 0;
			defaultConfigurationName = Release;
		};
/* End XCConfigurationList section */
	};
	rootObject = A25471B9244C8E90008C6B45 /* Project object */;
}
