// !$*UTF8*$!
{
	archiveVersion = 1;
	classes = {
	};
	objectVersion = 52;
	objects = {

/* Begin PBXBuildFile section */
		1011D0BB279F47AC00CA4679 /* AppDelegate.swift in Sources */ = {isa = PBXBuildFile; fileRef = 1011D0BA279F47AC00CA4679 /* AppDelegate.swift */; };
		1011D0BD279F47AC00CA4679 /* SceneDelegate.swift in Sources */ = {isa = PBXBuildFile; fileRef = 1011D0BC279F47AC00CA4679 /* SceneDelegate.swift */; };
		1011D0C4279F47AE00CA4679 /* Assets.xcassets in Resources */ = {isa = PBXBuildFile; fileRef = 1011D0C3279F47AE00CA4679 /* Assets.xcassets */; };
		1011D0C7279F47AE00CA4679 /* LaunchScreen.storyboard in Resources */ = {isa = PBXBuildFile; fileRef = 1011D0C5279F47AE00CA4679 /* LaunchScreen.storyboard */; };
		101C443627BAD2FF00F4E708 /* BusinessCardTableViewCell.swift in Sources */ = {isa = PBXBuildFile; fileRef = 101C443427BAD2FF00F4E708 /* BusinessCardTableViewCell.swift */; };
		101C443727BAD2FF00F4E708 /* BusinessCardTableViewCell.xib in Resources */ = {isa = PBXBuildFile; fileRef = 101C443527BAD2FF00F4E708 /* BusinessCardTableViewCell.xib */; };
		101C443927BAD36200F4E708 /* BusinessCardModel.swift in Sources */ = {isa = PBXBuildFile; fileRef = 101C443827BAD36200F4E708 /* BusinessCardModel.swift */; };
		10546F0B27B9930200191ECF /* BussinesCardTableViewController.swift in Sources */ = {isa = PBXBuildFile; fileRef = 10546F0927B9930200191ECF /* BussinesCardTableViewController.swift */; };
		10546F0C27B9930200191ECF /* BussinesCardTableViewController.xib in Resources */ = {isa = PBXBuildFile; fileRef = 10546F0A27B9930200191ECF /* BussinesCardTableViewController.xib */; };
		10546F1527B9A11D00191ECF /* UBottomSheet in Frameworks */ = {isa = PBXBuildFile; productRef = 10546F1427B9A11D00191ECF /* UBottomSheet */; };
		10546F1C27B9A69700191ECF /* OverlayContainer in Frameworks */ = {isa = PBXBuildFile; productRef = 10546F1B27B9A69700191ECF /* OverlayContainer */; };
		10546F1E27B9ADAB00191ECF /* BottomSheetContainerViewController.swift in Sources */ = {isa = PBXBuildFile; fileRef = 10546F1D27B9ADAB00191ECF /* BottomSheetContainerViewController.swift */; };
		10546F2027B9AE0500191ECF /* MapContainerViewController.swift in Sources */ = {isa = PBXBuildFile; fileRef = 10546F1F27B9AE0500191ECF /* MapContainerViewController.swift */; };
		10546F2827B9C21300191ECF /* MapSearchResultsVC.swift in Sources */ = {isa = PBXBuildFile; fileRef = 10546F2727B9C21300191ECF /* MapSearchResultsVC.swift */; };
		10546F2C27B9C5FF00191ECF /* MapDetailsViewController.swift in Sources */ = {isa = PBXBuildFile; fileRef = 10546F2A27B9C5FF00191ECF /* MapDetailsViewController.swift */; };
		10546F2D27B9C5FF00191ECF /* MapDetailsViewController.xib in Resources */ = {isa = PBXBuildFile; fileRef = 10546F2B27B9C5FF00191ECF /* MapDetailsViewController.xib */; };
		10FF47C927A095F90062E852 /* Constants.swift in Sources */ = {isa = PBXBuildFile; fileRef = 10FF47C827A095F90062E852 /* Constants.swift */; };
		10FF47D427A09FFD0062E852 /* ConnectionStautsViewController.swift in Sources */ = {isa = PBXBuildFile; fileRef = 10FF47D227A09FFD0062E852 /* ConnectionStautsViewController.swift */; };
		10FF47D527A09FFD0062E852 /* ConnectionViewController.xib in Resources */ = {isa = PBXBuildFile; fileRef = 10FF47D327A09FFD0062E852 /* ConnectionViewController.xib */; };
		10FF47DE27A0A1BF0062E852 /* TabBarController.swift in Sources */ = {isa = PBXBuildFile; fileRef = 10FF47DC27A0A1BF0062E852 /* TabBarController.swift */; };
		10FF47E427A0A5CF0062E852 /* MapViewController.swift in Sources */ = {isa = PBXBuildFile; fileRef = 10FF47E227A0A5CF0062E852 /* MapViewController.swift */; };
		10FF47E527A0A5CF0062E852 /* MapViewController.xib in Resources */ = {isa = PBXBuildFile; fileRef = 10FF47E327A0A5CF0062E852 /* MapViewController.xib */; };
		10FF47EF27A0B1EB0062E852 /* RoomDetailsTableViewController.swift in Sources */ = {isa = PBXBuildFile; fileRef = 10FF47ED27A0B1EB0062E852 /* RoomDetailsTableViewController.swift */; };
		10FF47F027A0B1EB0062E852 /* RoomDetailsTableViewController.xib in Resources */ = {isa = PBXBuildFile; fileRef = 10FF47EE27A0B1EB0062E852 /* RoomDetailsTableViewController.xib */; };
		10FF47F327A0B4F30062E852 /* RoomDetails.swift in Sources */ = {isa = PBXBuildFile; fileRef = 10FF47F227A0B4F30062E852 /* RoomDetails.swift */; };
		10FF47F727A0BFB60062E852 /* NetworkManager.swift in Sources */ = {isa = PBXBuildFile; fileRef = 10FF47F627A0BFB60062E852 /* NetworkManager.swift */; };
		10FF47FA27A0C4F20062E852 /* BluetoothManager.swift in Sources */ = {isa = PBXBuildFile; fileRef = 10FF47F927A0C4F20062E852 /* BluetoothManager.swift */; };
		10FF480227A0CB290062E852 /* NotificationManager.swift in Sources */ = {isa = PBXBuildFile; fileRef = 10FF480127A0CB290062E852 /* NotificationManager.swift */; };
/* End PBXBuildFile section */

/* Begin PBXFileReference section */
		1011D0B7279F47AC00CA4679 /* Conf++.app */ = {isa = PBXFileReference; explicitFileType = wrapper.application; includeInIndex = 0; path = "Conf++.app"; sourceTree = BUILT_PRODUCTS_DIR; };
		1011D0BA279F47AC00CA4679 /* AppDelegate.swift */ = {isa = PBXFileReference; lastKnownFileType = sourcecode.swift; path = AppDelegate.swift; sourceTree = "<group>"; };
		1011D0BC279F47AC00CA4679 /* SceneDelegate.swift */ = {isa = PBXFileReference; lastKnownFileType = sourcecode.swift; path = SceneDelegate.swift; sourceTree = "<group>"; };
		1011D0C3279F47AE00CA4679 /* Assets.xcassets */ = {isa = PBXFileReference; lastKnownFileType = folder.assetcatalog; path = Assets.xcassets; sourceTree = "<group>"; };
		1011D0C6279F47AE00CA4679 /* Base */ = {isa = PBXFileReference; lastKnownFileType = file.storyboard; name = Base; path = Base.lproj/LaunchScreen.storyboard; sourceTree = "<group>"; };
		1011D0C8279F47AE00CA4679 /* Info.plist */ = {isa = PBXFileReference; lastKnownFileType = text.plist.xml; path = Info.plist; sourceTree = "<group>"; };
		101C443427BAD2FF00F4E708 /* BusinessCardTableViewCell.swift */ = {isa = PBXFileReference; lastKnownFileType = sourcecode.swift; path = BusinessCardTableViewCell.swift; sourceTree = "<group>"; };
		101C443527BAD2FF00F4E708 /* BusinessCardTableViewCell.xib */ = {isa = PBXFileReference; lastKnownFileType = file.xib; path = BusinessCardTableViewCell.xib; sourceTree = "<group>"; };
		101C443827BAD36200F4E708 /* BusinessCardModel.swift */ = {isa = PBXFileReference; lastKnownFileType = sourcecode.swift; path = BusinessCardModel.swift; sourceTree = "<group>"; };
		10546F0927B9930200191ECF /* BussinesCardTableViewController.swift */ = {isa = PBXFileReference; lastKnownFileType = sourcecode.swift; path = BussinesCardTableViewController.swift; sourceTree = "<group>"; };
		10546F0A27B9930200191ECF /* BussinesCardTableViewController.xib */ = {isa = PBXFileReference; lastKnownFileType = file.xib; path = BussinesCardTableViewController.xib; sourceTree = "<group>"; };
		10546F1D27B9ADAB00191ECF /* BottomSheetContainerViewController.swift */ = {isa = PBXFileReference; lastKnownFileType = sourcecode.swift; path = BottomSheetContainerViewController.swift; sourceTree = "<group>"; };
		10546F1F27B9AE0500191ECF /* MapContainerViewController.swift */ = {isa = PBXFileReference; lastKnownFileType = sourcecode.swift; path = MapContainerViewController.swift; sourceTree = "<group>"; };
		10546F2727B9C21300191ECF /* MapSearchResultsVC.swift */ = {isa = PBXFileReference; lastKnownFileType = sourcecode.swift; path = MapSearchResultsVC.swift; sourceTree = "<group>"; };
		10546F2A27B9C5FF00191ECF /* MapDetailsViewController.swift */ = {isa = PBXFileReference; lastKnownFileType = sourcecode.swift; path = MapDetailsViewController.swift; sourceTree = "<group>"; };
		10546F2B27B9C5FF00191ECF /* MapDetailsViewController.xib */ = {isa = PBXFileReference; lastKnownFileType = file.xib; path = MapDetailsViewController.xib; sourceTree = "<group>"; };
		10FF47C827A095F90062E852 /* Constants.swift */ = {isa = PBXFileReference; lastKnownFileType = sourcecode.swift; path = Constants.swift; sourceTree = "<group>"; };
		10FF47D227A09FFD0062E852 /* ConnectionStautsViewController.swift */ = {isa = PBXFileReference; lastKnownFileType = sourcecode.swift; path = ConnectionStautsViewController.swift; sourceTree = "<group>"; };
		10FF47D327A09FFD0062E852 /* ConnectionViewController.xib */ = {isa = PBXFileReference; lastKnownFileType = file.xib; path = ConnectionViewController.xib; sourceTree = "<group>"; };
		10FF47DC27A0A1BF0062E852 /* TabBarController.swift */ = {isa = PBXFileReference; lastKnownFileType = sourcecode.swift; path = TabBarController.swift; sourceTree = "<group>"; };
		10FF47E227A0A5CF0062E852 /* MapViewController.swift */ = {isa = PBXFileReference; lastKnownFileType = sourcecode.swift; path = MapViewController.swift; sourceTree = "<group>"; };
		10FF47E327A0A5CF0062E852 /* MapViewController.xib */ = {isa = PBXFileReference; lastKnownFileType = file.xib; path = MapViewController.xib; sourceTree = "<group>"; };
		10FF47ED27A0B1EB0062E852 /* RoomDetailsTableViewController.swift */ = {isa = PBXFileReference; lastKnownFileType = sourcecode.swift; path = RoomDetailsTableViewController.swift; sourceTree = "<group>"; };
		10FF47EE27A0B1EB0062E852 /* RoomDetailsTableViewController.xib */ = {isa = PBXFileReference; lastKnownFileType = file.xib; path = RoomDetailsTableViewController.xib; sourceTree = "<group>"; };
		10FF47F227A0B4F30062E852 /* RoomDetails.swift */ = {isa = PBXFileReference; lastKnownFileType = sourcecode.swift; path = RoomDetails.swift; sourceTree = "<group>"; };
		10FF47F627A0BFB60062E852 /* NetworkManager.swift */ = {isa = PBXFileReference; lastKnownFileType = sourcecode.swift; path = NetworkManager.swift; sourceTree = "<group>"; };
		10FF47F927A0C4F20062E852 /* BluetoothManager.swift */ = {isa = PBXFileReference; lastKnownFileType = sourcecode.swift; path = BluetoothManager.swift; sourceTree = "<group>"; };
		10FF480127A0CB290062E852 /* NotificationManager.swift */ = {isa = PBXFileReference; lastKnownFileType = sourcecode.swift; path = NotificationManager.swift; sourceTree = "<group>"; };
/* End PBXFileReference section */

/* Begin PBXFrameworksBuildPhase section */
		1011D0B4279F47AC00CA4679 /* Frameworks */ = {
			isa = PBXFrameworksBuildPhase;
			buildActionMask = 2147483647;
			files = (
				10546F1527B9A11D00191ECF /* UBottomSheet in Frameworks */,
				10546F1C27B9A69700191ECF /* OverlayContainer in Frameworks */,
			);
			runOnlyForDeploymentPostprocessing = 0;
		};
/* End PBXFrameworksBuildPhase section */

/* Begin PBXGroup section */
		1011D0AE279F47AC00CA4679 = {
			isa = PBXGroup;
			children = (
				1011D0B9279F47AC00CA4679 /* Conf++ */,
				1011D0B8279F47AC00CA4679 /* Products */,
			);
			sourceTree = "<group>";
		};
		1011D0B8279F47AC00CA4679 /* Products */ = {
			isa = PBXGroup;
			children = (
				1011D0B7279F47AC00CA4679 /* Conf++.app */,
			);
			name = Products;
			sourceTree = "<group>";
		};
		1011D0B9279F47AC00CA4679 /* Conf++ */ = {
			isa = PBXGroup;
			children = (
				10546F2127B9BB6500191ECF /* Unused */,
				10FF47F527A0BFA80062E852 /* Managers */,
				10FF47CD27A098CC0062E852 /* ViewControllers */,
				10546F2227B9BCFE00191ECF /* Views */,
				10FF47CC27A098C20062E852 /* Models */,
				1011D0BA279F47AC00CA4679 /* AppDelegate.swift */,
				10FF47C827A095F90062E852 /* Constants.swift */,
				1011D0BC279F47AC00CA4679 /* SceneDelegate.swift */,
				1011D0C3279F47AE00CA4679 /* Assets.xcassets */,
				1011D0C5279F47AE00CA4679 /* LaunchScreen.storyboard */,
				1011D0C8279F47AE00CA4679 /* Info.plist */,
			);
			path = "Conf++";
			sourceTree = "<group>";
		};
		10546F2127B9BB6500191ECF /* Unused */ = {
			isa = PBXGroup;
			children = (
				10546F2727B9C21300191ECF /* MapSearchResultsVC.swift */,
				10546F1D27B9ADAB00191ECF /* BottomSheetContainerViewController.swift */,
				10FF47D227A09FFD0062E852 /* ConnectionStautsViewController.swift */,
				10FF47D327A09FFD0062E852 /* ConnectionViewController.xib */,
			);
			path = Unused;
			sourceTree = "<group>";
		};
		10546F2227B9BCFE00191ECF /* Views */ = {
			isa = PBXGroup;
			children = (
				101C443427BAD2FF00F4E708 /* BusinessCardTableViewCell.swift */,
				101C443527BAD2FF00F4E708 /* BusinessCardTableViewCell.xib */,
			);
			path = Views;
			sourceTree = "<group>";
		};
		10546F2927B9C26C00191ECF /* MapVCs */ = {
			isa = PBXGroup;
			children = (
				10546F1F27B9AE0500191ECF /* MapContainerViewController.swift */,
				10FF47E227A0A5CF0062E852 /* MapViewController.swift */,
				10FF47E327A0A5CF0062E852 /* MapViewController.xib */,
				10546F2A27B9C5FF00191ECF /* MapDetailsViewController.swift */,
				10546F2B27B9C5FF00191ECF /* MapDetailsViewController.xib */,
			);
			path = MapVCs;
			sourceTree = "<group>";
		};
		10FF47CC27A098C20062E852 /* Models */ = {
			isa = PBXGroup;
			children = (
				10FF47F227A0B4F30062E852 /* RoomDetails.swift */,
				101C443827BAD36200F4E708 /* BusinessCardModel.swift */,
			);
			path = Models;
			sourceTree = "<group>";
		};
		10FF47CD27A098CC0062E852 /* ViewControllers */ = {
			isa = PBXGroup;
			children = (
				10546F2927B9C26C00191ECF /* MapVCs */,
				10FF47DC27A0A1BF0062E852 /* TabBarController.swift */,
				10FF47ED27A0B1EB0062E852 /* RoomDetailsTableViewController.swift */,
				10FF47EE27A0B1EB0062E852 /* RoomDetailsTableViewController.xib */,
				10546F0927B9930200191ECF /* BussinesCardTableViewController.swift */,
				10546F0A27B9930200191ECF /* BussinesCardTableViewController.xib */,
			);
			path = ViewControllers;
			sourceTree = "<group>";
		};
		10FF47F527A0BFA80062E852 /* Managers */ = {
			isa = PBXGroup;
			children = (
				10FF47F627A0BFB60062E852 /* NetworkManager.swift */,
				10FF47F927A0C4F20062E852 /* BluetoothManager.swift */,
				10FF480127A0CB290062E852 /* NotificationManager.swift */,
			);
			path = Managers;
			sourceTree = "<group>";
		};
/* End PBXGroup section */

/* Begin PBXNativeTarget section */
		1011D0B6279F47AC00CA4679 /* Conf++ */ = {
			isa = PBXNativeTarget;
			buildConfigurationList = 1011D0CB279F47AE00CA4679 /* Build configuration list for PBXNativeTarget "Conf++" */;
			buildPhases = (
				1011D0B3279F47AC00CA4679 /* Sources */,
				1011D0B4279F47AC00CA4679 /* Frameworks */,
				1011D0B5279F47AC00CA4679 /* Resources */,
			);
			buildRules = (
			);
			dependencies = (
			);
			name = "Conf++";
			packageProductDependencies = (
				10546F1427B9A11D00191ECF /* UBottomSheet */,
				10546F1B27B9A69700191ECF /* OverlayContainer */,
			);
			productName = "Conf++";
			productReference = 1011D0B7279F47AC00CA4679 /* Conf++.app */;
			productType = "com.apple.product-type.application";
		};
/* End PBXNativeTarget section */

/* Begin PBXProject section */
		1011D0AF279F47AC00CA4679 /* Project object */ = {
			isa = PBXProject;
			attributes = {
				LastSwiftUpdateCheck = 1220;
				LastUpgradeCheck = 1220;
				TargetAttributes = {
					1011D0B6279F47AC00CA4679 = {
						CreatedOnToolsVersion = 12.2;
					};
				};
			};
			buildConfigurationList = 1011D0B2279F47AC00CA4679 /* Build configuration list for PBXProject "Conf++" */;
			compatibilityVersion = "Xcode 9.3";
			developmentRegion = en;
			hasScannedForEncodings = 0;
			knownRegions = (
				en,
				Base,
			);
			mainGroup = 1011D0AE279F47AC00CA4679;
			packageReferences = (
				10546F1327B9A11D00191ECF /* XCRemoteSwiftPackageReference "UBottomSheet" */,
				10546F1A27B9A69700191ECF /* XCRemoteSwiftPackageReference "OverlayContainer" */,
			);
			productRefGroup = 1011D0B8279F47AC00CA4679 /* Products */;
			projectDirPath = "";
			projectRoot = "";
			targets = (
				1011D0B6279F47AC00CA4679 /* Conf++ */,
			);
		};
/* End PBXProject section */

/* Begin PBXResourcesBuildPhase section */
		1011D0B5279F47AC00CA4679 /* Resources */ = {
			isa = PBXResourcesBuildPhase;
			buildActionMask = 2147483647;
			files = (
				10546F2D27B9C5FF00191ECF /* MapDetailsViewController.xib in Resources */,
				10FF47D527A09FFD0062E852 /* ConnectionViewController.xib in Resources */,
				10546F0C27B9930200191ECF /* BussinesCardTableViewController.xib in Resources */,
				1011D0C7279F47AE00CA4679 /* LaunchScreen.storyboard in Resources */,
				1011D0C4279F47AE00CA4679 /* Assets.xcassets in Resources */,
				10FF47F027A0B1EB0062E852 /* RoomDetailsTableViewController.xib in Resources */,
				10FF47E527A0A5CF0062E852 /* MapViewController.xib in Resources */,
				101C443727BAD2FF00F4E708 /* BusinessCardTableViewCell.xib in Resources */,
			);
			runOnlyForDeploymentPostprocessing = 0;
		};
/* End PBXResourcesBuildPhase section */

/* Begin PBXSourcesBuildPhase section */
		1011D0B3279F47AC00CA4679 /* Sources */ = {
			isa = PBXSourcesBuildPhase;
			buildActionMask = 2147483647;
			files = (
				10FF47F727A0BFB60062E852 /* NetworkManager.swift in Sources */,
				1011D0BB279F47AC00CA4679 /* AppDelegate.swift in Sources */,
				10546F2C27B9C5FF00191ECF /* MapDetailsViewController.swift in Sources */,
				10546F2827B9C21300191ECF /* MapSearchResultsVC.swift in Sources */,
				10FF47E427A0A5CF0062E852 /* MapViewController.swift in Sources */,
				10FF47D427A09FFD0062E852 /* ConnectionStautsViewController.swift in Sources */,
				10546F2027B9AE0500191ECF /* MapContainerViewController.swift in Sources */,
				10FF480227A0CB290062E852 /* NotificationManager.swift in Sources */,
				10FF47FA27A0C4F20062E852 /* BluetoothManager.swift in Sources */,
				10FF47EF27A0B1EB0062E852 /* RoomDetailsTableViewController.swift in Sources */,
				1011D0BD279F47AC00CA4679 /* SceneDelegate.swift in Sources */,
				101C443627BAD2FF00F4E708 /* BusinessCardTableViewCell.swift in Sources */,
				10546F1E27B9ADAB00191ECF /* BottomSheetContainerViewController.swift in Sources */,
				10FF47DE27A0A1BF0062E852 /* TabBarController.swift in Sources */,
				10546F0B27B9930200191ECF /* BussinesCardTableViewController.swift in Sources */,
				10FF47C927A095F90062E852 /* Constants.swift in Sources */,
				10FF47F327A0B4F30062E852 /* RoomDetails.swift in Sources */,
				101C443927BAD36200F4E708 /* BusinessCardModel.swift in Sources */,
			);
			runOnlyForDeploymentPostprocessing = 0;
		};
/* End PBXSourcesBuildPhase section */

/* Begin PBXVariantGroup section */
		1011D0C5279F47AE00CA4679 /* LaunchScreen.storyboard */ = {
			isa = PBXVariantGroup;
			children = (
				1011D0C6279F47AE00CA4679 /* Base */,
			);
			name = LaunchScreen.storyboard;
			sourceTree = "<group>";
		};
/* End PBXVariantGroup section */

/* Begin XCBuildConfiguration section */
		1011D0C9279F47AE00CA4679 /* Debug */ = {
			isa = XCBuildConfiguration;
			buildSettings = {
				ALWAYS_SEARCH_USER_PATHS = NO;
				CLANG_ANALYZER_NONNULL = YES;
				CLANG_ANALYZER_NUMBER_OBJECT_CONVERSION = YES_AGGRESSIVE;
				CLANG_CXX_LANGUAGE_STANDARD = "gnu++14";
				CLANG_CXX_LIBRARY = "libc++";
				CLANG_ENABLE_MODULES = YES;
				CLANG_ENABLE_OBJC_ARC = YES;
				CLANG_ENABLE_OBJC_WEAK = YES;
				CLANG_WARN_BLOCK_CAPTURE_AUTORELEASING = YES;
				CLANG_WARN_BOOL_CONVERSION = YES;
				CLANG_WARN_COMMA = YES;
				CLANG_WARN_CONSTANT_CONVERSION = YES;
				CLANG_WARN_DEPRECATED_OBJC_IMPLEMENTATIONS = YES;
				CLANG_WARN_DIRECT_OBJC_ISA_USAGE = YES_ERROR;
				CLANG_WARN_DOCUMENTATION_COMMENTS = YES;
				CLANG_WARN_EMPTY_BODY = YES;
				CLANG_WARN_ENUM_CONVERSION = YES;
				CLANG_WARN_INFINITE_RECURSION = YES;
				CLANG_WARN_INT_CONVERSION = YES;
				CLANG_WARN_NON_LITERAL_NULL_CONVERSION = YES;
				CLANG_WARN_OBJC_IMPLICIT_RETAIN_SELF = YES;
				CLANG_WARN_OBJC_LITERAL_CONVERSION = YES;
				CLANG_WARN_OBJC_ROOT_CLASS = YES_ERROR;
				CLANG_WARN_QUOTED_INCLUDE_IN_FRAMEWORK_HEADER = YES;
				CLANG_WARN_RANGE_LOOP_ANALYSIS = YES;
				CLANG_WARN_STRICT_PROTOTYPES = YES;
				CLANG_WARN_SUSPICIOUS_MOVE = YES;
				CLANG_WARN_UNGUARDED_AVAILABILITY = YES_AGGRESSIVE;
				CLANG_WARN_UNREACHABLE_CODE = YES;
				CLANG_WARN__DUPLICATE_METHOD_MATCH = YES;
				COPY_PHASE_STRIP = NO;
				DEBUG_INFORMATION_FORMAT = dwarf;
				ENABLE_STRICT_OBJC_MSGSEND = YES;
				ENABLE_TESTABILITY = YES;
				GCC_C_LANGUAGE_STANDARD = gnu11;
				GCC_DYNAMIC_NO_PIC = NO;
				GCC_NO_COMMON_BLOCKS = YES;
				GCC_OPTIMIZATION_LEVEL = 0;
				GCC_PREPROCESSOR_DEFINITIONS = (
					"DEBUG=1",
					"$(inherited)",
				);
				GCC_WARN_64_TO_32_BIT_CONVERSION = YES;
				GCC_WARN_ABOUT_RETURN_TYPE = YES_ERROR;
				GCC_WARN_UNDECLARED_SELECTOR = YES;
				GCC_WARN_UNINITIALIZED_AUTOS = YES_AGGRESSIVE;
				GCC_WARN_UNUSED_FUNCTION = YES;
				GCC_WARN_UNUSED_VARIABLE = YES;
				IPHONEOS_DEPLOYMENT_TARGET = 15.0;
				MTL_ENABLE_DEBUG_INFO = INCLUDE_SOURCE;
				MTL_FAST_MATH = YES;
				ONLY_ACTIVE_ARCH = YES;
				SDKROOT = iphoneos;
				SWIFT_ACTIVE_COMPILATION_CONDITIONS = DEBUG;
				SWIFT_OPTIMIZATION_LEVEL = "-Onone";
			};
			name = Debug;
		};
		1011D0CA279F47AE00CA4679 /* Release */ = {
			isa = XCBuildConfiguration;
			buildSettings = {
				ALWAYS_SEARCH_USER_PATHS = NO;
				CLANG_ANALYZER_NONNULL = YES;
				CLANG_ANALYZER_NUMBER_OBJECT_CONVERSION = YES_AGGRESSIVE;
				CLANG_CXX_LANGUAGE_STANDARD = "gnu++14";
				CLANG_CXX_LIBRARY = "libc++";
				CLANG_ENABLE_MODULES = YES;
				CLANG_ENABLE_OBJC_ARC = YES;
				CLANG_ENABLE_OBJC_WEAK = YES;
				CLANG_WARN_BLOCK_CAPTURE_AUTORELEASING = YES;
				CLANG_WARN_BOOL_CONVERSION = YES;
				CLANG_WARN_COMMA = YES;
				CLANG_WARN_CONSTANT_CONVERSION = YES;
				CLANG_WARN_DEPRECATED_OBJC_IMPLEMENTATIONS = YES;
				CLANG_WARN_DIRECT_OBJC_ISA_USAGE = YES_ERROR;
				CLANG_WARN_DOCUMENTATION_COMMENTS = YES;
				CLANG_WARN_EMPTY_BODY = YES;
				CLANG_WARN_ENUM_CONVERSION = YES;
				CLANG_WARN_INFINITE_RECURSION = YES;
				CLANG_WARN_INT_CONVERSION = YES;
				CLANG_WARN_NON_LITERAL_NULL_CONVERSION = YES;
				CLANG_WARN_OBJC_IMPLICIT_RETAIN_SELF = YES;
				CLANG_WARN_OBJC_LITERAL_CONVERSION = YES;
				CLANG_WARN_OBJC_ROOT_CLASS = YES_ERROR;
				CLANG_WARN_QUOTED_INCLUDE_IN_FRAMEWORK_HEADER = YES;
				CLANG_WARN_RANGE_LOOP_ANALYSIS = YES;
				CLANG_WARN_STRICT_PROTOTYPES = YES;
				CLANG_WARN_SUSPICIOUS_MOVE = YES;
				CLANG_WARN_UNGUARDED_AVAILABILITY = YES_AGGRESSIVE;
				CLANG_WARN_UNREACHABLE_CODE = YES;
				CLANG_WARN__DUPLICATE_METHOD_MATCH = YES;
				COPY_PHASE_STRIP = NO;
				DEBUG_INFORMATION_FORMAT = "dwarf-with-dsym";
				ENABLE_NS_ASSERTIONS = NO;
				ENABLE_STRICT_OBJC_MSGSEND = YES;
				GCC_C_LANGUAGE_STANDARD = gnu11;
				GCC_NO_COMMON_BLOCKS = YES;
				GCC_WARN_64_TO_32_BIT_CONVERSION = YES;
				GCC_WARN_ABOUT_RETURN_TYPE = YES_ERROR;
				GCC_WARN_UNDECLARED_SELECTOR = YES;
				GCC_WARN_UNINITIALIZED_AUTOS = YES_AGGRESSIVE;
				GCC_WARN_UNUSED_FUNCTION = YES;
				GCC_WARN_UNUSED_VARIABLE = YES;
				IPHONEOS_DEPLOYMENT_TARGET = 15.0;
				MTL_ENABLE_DEBUG_INFO = NO;
				MTL_FAST_MATH = YES;
				SDKROOT = iphoneos;
				SWIFT_COMPILATION_MODE = wholemodule;
				SWIFT_OPTIMIZATION_LEVEL = "-O";
				VALIDATE_PRODUCT = YES;
			};
			name = Release;
		};
		1011D0CC279F47AE00CA4679 /* Debug */ = {
			isa = XCBuildConfiguration;
			buildSettings = {
				ASSETCATALOG_COMPILER_APPICON_NAME = AppIcon;
				ASSETCATALOG_COMPILER_GLOBAL_ACCENT_COLOR_NAME = AccentColor;
				CODE_SIGN_STYLE = Automatic;
				DEVELOPMENT_TEAM = 5737H7U64V;
				INFOPLIST_FILE = "Conf++/Info.plist";
				IPHONEOS_DEPLOYMENT_TARGET = 14.0;
				LD_RUNPATH_SEARCH_PATHS = (
					"$(inherited)",
					"@executable_path/Frameworks",
				);
				PRODUCT_BUNDLE_IDENTIFIER = "com.mirkobraic.Conf--";
				PRODUCT_NAME = "$(TARGET_NAME)";
				SWIFT_VERSION = 5.0;
				TARGETED_DEVICE_FAMILY = 1;
			};
			name = Debug;
		};
		1011D0CD279F47AE00CA4679 /* Release */ = {
			isa = XCBuildConfiguration;
			buildSettings = {
				ASSETCATALOG_COMPILER_APPICON_NAME = AppIcon;
				ASSETCATALOG_COMPILER_GLOBAL_ACCENT_COLOR_NAME = AccentColor;
				CODE_SIGN_STYLE = Automatic;
				DEVELOPMENT_TEAM = 5737H7U64V;
				INFOPLIST_FILE = "Conf++/Info.plist";
				IPHONEOS_DEPLOYMENT_TARGET = 14.0;
				LD_RUNPATH_SEARCH_PATHS = (
					"$(inherited)",
					"@executable_path/Frameworks",
				);
				PRODUCT_BUNDLE_IDENTIFIER = "com.mirkobraic.Conf--";
				PRODUCT_NAME = "$(TARGET_NAME)";
				SWIFT_VERSION = 5.0;
				TARGETED_DEVICE_FAMILY = 1;
			};
			name = Release;
		};
/* End XCBuildConfiguration section */

/* Begin XCConfigurationList section */
		1011D0B2279F47AC00CA4679 /* Build configuration list for PBXProject "Conf++" */ = {
			isa = XCConfigurationList;
			buildConfigurations = (
				1011D0C9279F47AE00CA4679 /* Debug */,
				1011D0CA279F47AE00CA4679 /* Release */,
			);
			defaultConfigurationIsVisible = 0;
			defaultConfigurationName = Release;
		};
		1011D0CB279F47AE00CA4679 /* Build configuration list for PBXNativeTarget "Conf++" */ = {
			isa = XCConfigurationList;
			buildConfigurations = (
				1011D0CC279F47AE00CA4679 /* Debug */,
				1011D0CD279F47AE00CA4679 /* Release */,
			);
			defaultConfigurationIsVisible = 0;
			defaultConfigurationName = Release;
		};
/* End XCConfigurationList section */

/* Begin XCRemoteSwiftPackageReference section */
		10546F1327B9A11D00191ECF /* XCRemoteSwiftPackageReference "UBottomSheet" */ = {
			isa = XCRemoteSwiftPackageReference;
			repositoryURL = "https://github.com/OfTheWolf/UBottomSheet";
			requirement = {
				kind = upToNextMajorVersion;
				minimumVersion = 1.0.0;
			};
		};
		10546F1A27B9A69700191ECF /* XCRemoteSwiftPackageReference "OverlayContainer" */ = {
			isa = XCRemoteSwiftPackageReference;
			repositoryURL = "https://github.com/applidium/OverlayContainer.git";
			requirement = {
				kind = upToNextMajorVersion;
				minimumVersion = 3.0.0;
			};
		};
/* End XCRemoteSwiftPackageReference section */

/* Begin XCSwiftPackageProductDependency section */
		10546F1427B9A11D00191ECF /* UBottomSheet */ = {
			isa = XCSwiftPackageProductDependency;
			package = 10546F1327B9A11D00191ECF /* XCRemoteSwiftPackageReference "UBottomSheet" */;
			productName = UBottomSheet;
		};
		10546F1B27B9A69700191ECF /* OverlayContainer */ = {
			isa = XCSwiftPackageProductDependency;
			package = 10546F1A27B9A69700191ECF /* XCRemoteSwiftPackageReference "OverlayContainer" */;
			productName = OverlayContainer;
		};
/* End XCSwiftPackageProductDependency section */
	};
	rootObject = 1011D0AF279F47AC00CA4679 /* Project object */;
}
